
Microsoft Visual Studio Solution File, Format Version 12.00
# Visual Studio 2013
VisualStudioVersion = 12.0.21005.1
MinimumVisualStudioVersion = 10.0.40219.1
Project("{FAE04EC0-301F-11D3-BF4B-00C04F79EFBC}") = "ADODisconnectedExample", "ADODisconnectedExample\ADODisconnectedExample.csproj", "{80E09A19-6BF4-4481-9E1A-7A892A9846DD}"
EndProject
Project("{FAE04EC0-301F-11D3-BF4B-00C04F79EFBC}") = "DataLayer", "DataLayer\DataLayer.csproj", "{B1F7C9E5-0ED4-43B4-8E95-DF54CF9DB634}"
EndProject
Global
	GlobalSection(SolutionConfigurationPlatforms) = preSolution
		Debug|Any CPU = Debug|Any CPU
		Release|Any CPU = Release|Any CPU
	EndGlobalSection
	GlobalSection(ProjectConfigurationPlatforms) = postSolution
		{80E09A19-6BF4-4481-9E1A-7A892A9846DD}.Debug|Any CPU.ActiveCfg = Debug|Any CPU
		{80E09A19-6BF4-4481-9E1A-7A892A9846DD}.Debug|Any CPU.Build.0 = Debug|Any CPU
		{80E09A19-6BF4-4481-9E1A-7A892A9846DD}.Release|Any CPU.ActiveCfg = Release|Any CPU
		{80E09A19-6BF4-4481-9E1A-7A892A9846DD}.Release|Any CPU.Build.0 = Release|Any CPU
		{B1F7C9E5-0ED4-43B4-8E95-DF54CF9DB634}.Debug|Any CPU.ActiveCfg = Debug|Any CPU
		{B1F7C9E5-0ED4-43B4-8E95-DF54CF9DB634}.Debug|Any CPU.Build.0 = Debug|Any CPU
		{B1F7C9E5-0ED4-43B4-8E95-DF54CF9DB634}.Release|Any CPU.ActiveCfg = Release|Any CPU
		{B1F7C9E5-0ED4-43B4-8E95-DF54CF9DB634}.Release|Any CPU.Build.0 = Release|Any CPU
	EndGlobalSection
	GlobalSection(SolutionProperties) = preSolution
		HideSolutionNode = FALSE
	EndGlobalSection
EndGlobal
